{
  "name": "vijos-cdn",
  "version": "0.0.1",
  "dependencies": {
    "http-proxy": {
      "version": "0.9.1",
      "dependencies": {
        "colors": {
          "version": "0.6.0-1"
        },
        "optimist": {
          "version": "0.3.5",
          "dependencies": {
            "wordwrap": {
              "version": "0.0.2"
            }
          }
        },
        "pkginfo": {
          "version": "0.2.3"
        },
        "utile": {
          "version": "0.1.7",
          "dependencies": {
            "async": {
              "version": "0.1.22"
            },
            "deep-equal": {
              "version": "0.0.0"
            },
            "i": {
              "version": "0.3.1"
            },
            "mkdirp": {
              "version": "0.3.5"
            },
            "ncp": {
              "version": "0.2.6"
            },
            "rimraf": {
              "version": "1.0.9"
            }
          }
        }
      }
    },
    "express": {
      "version": "3.1.0",
      "dependencies": {
        "connect": {
          "version": "2.7.2",
          "dependencies": {
            "qs": {
              "version": "0.5.1"
            },
            "formidable": {
              "version": "1.0.11"
            },
            "bytes": {
              "version": "0.1.0"
            },
            "pause": {
              "version": "0.0.1"
            }
          }
        },
        "commander": {
          "version": "0.6.1"
        },
        "range-parser": {
          "version": "0.0.4"
        },
        "mkdirp": {
          "version": "0.3.3"
        },
        "cookie": {
          "version": "0.0.5"
        },
        "buffer-crc32": {
          "version": "0.1.1"
        },
        "fresh": {
          "version": "0.1.0"
        },
        "methods": {
          "version": "0.0.1"
        },
        "send": {
          "version": "0.1.0",
          "dependencies": {
            "mime": {
              "version": "1.2.6"
            }
          }
        },
        "cookie-signature": {
          "version": "0.0.1"
        },
        "debug": {
          "version": "0.7.2"
        }
      }
    },
    "express-rewrite": {
      "version": "0.0.3"
    },
    "gzippo": {
      "version": "0.2.0",
      "dependencies": {
        "send": {
          "version": "0.1.0",
          "dependencies": {
            "debug": {
              "version": "0.7.2"
            },
            "mime": {
              "version": "1.2.6"
            },
            "fresh": {
              "version": "0.1.0"
            },
            "range-parser": {
              "version": "0.0.4"
            }
          }
        }
      }
    },
    "uglifycss": {
      "version": "0.0.5"
    },
    "uglify-js": {
      "version": "2.2.4",
      "dependencies": {
        "source-map": {
          "version": "0.1.8",
          "dependencies": {
            "amdefine": {
              "version": "0.0.4"
            }
          }
        },
        "optimist": {
          "version": "0.3.5",
          "dependencies": {
            "wordwrap": {
              "version": "0.0.2"
            }
          }
        }
      }
    },
    "spdy": {
      "version": "1.4.5"
    }
  }
}
